
Microsoft Visual Studio Solution File, Format Version 12.00
# Visual Studio Version 17
VisualStudioVersion = 17.4.33403.182
MinimumVisualStudioVersion = 10.0.40219.1
Project("{2150E333-8FDC-42A3-9474-1A3956D46DE8}") = "proto", "proto", "{93F40198-CB12-435D-A2EA-612D471056E9}"
	ProjectSection(SolutionItems) = preProject
		primeNumberDecomposition.proto = primeNumberDecomposition.proto
	EndProjectSection
EndProject
Project("{FAE04EC0-301F-11D3-BF4B-00C04F79EFBC}") = "Server", "exercises\PrimeNumberDecomposition\Server\Server.csproj", "{AE27ECD6-ADE7-40B2-BD9A-ECB66D3AE182}"
EndProject
Project("{FAE04EC0-301F-11D3-BF4B-00C04F79EFBC}") = "Client", "exercises\PrimeNumberDecomposition\Client\Client.csproj", "{429C6B5B-CCF4-461D-9F16-D40AD79DFC1A}"
EndProject
Global
	GlobalSection(SolutionConfigurationPlatforms) = preSolution
		Debug|Any CPU = Debug|Any CPU
		Release|Any CPU = Release|Any CPU
	EndGlobalSection
	GlobalSection(ProjectConfigurationPlatforms) = postSolution
		{AE27ECD6-ADE7-40B2-BD9A-ECB66D3AE182}.Debug|Any CPU.ActiveCfg = Debug|Any CPU
		{AE27ECD6-ADE7-40B2-BD9A-ECB66D3AE182}.Debug|Any CPU.Build.0 = Debug|Any CPU
		{AE27ECD6-ADE7-40B2-BD9A-ECB66D3AE182}.Release|Any CPU.ActiveCfg = Release|Any CPU
		{AE27ECD6-ADE7-40B2-BD9A-ECB66D3AE182}.Release|Any CPU.Build.0 = Release|Any CPU
		{429C6B5B-CCF4-461D-9F16-D40AD79DFC1A}.Debug|Any CPU.ActiveCfg = Debug|Any CPU
		{429C6B5B-CCF4-461D-9F16-D40AD79DFC1A}.Debug|Any CPU.Build.0 = Debug|Any CPU
		{429C6B5B-CCF4-461D-9F16-D40AD79DFC1A}.Release|Any CPU.ActiveCfg = Release|Any CPU
		{429C6B5B-CCF4-461D-9F16-D40AD79DFC1A}.Release|Any CPU.Build.0 = Release|Any CPU
	EndGlobalSection
	GlobalSection(SolutionProperties) = preSolution
		HideSolutionNode = FALSE
	EndGlobalSection
	GlobalSection(ExtensibilityGlobals) = postSolution
		SolutionGuid = {CEDEE8FD-086B-4CF2-9454-A91766D6D633}
	EndGlobalSection
EndGlobal
